// !$*UTF8*$!
{
	archiveVersion = 1;
	classes = {
	};
	objectVersion = 56;
	objects = {

/* Begin PBXBuildFile section */
		63E60BE129F62489000CB017 /* ScaffoldApp.swift in Sources */ = {isa = PBXBuildFile; fileRef = 63E60BE029F62489000CB017 /* ScaffoldApp.swift */; };
		63E60BE329F62489000CB017 /* ContentView.swift in Sources */ = {isa = PBXBuildFile; fileRef = 63E60BE229F62489000CB017 /* ContentView.swift */; };
		63E60BE529F62489000CB017 /* Assets.xcassets in Resources */ = {isa = PBXBuildFile; fileRef = 63E60BE429F62489000CB017 /* Assets.xcassets */; };
		63E60BF229F62489000CB017 /* ScaffoldTests.swift in Sources */ = {isa = PBXBuildFile; fileRef = 63E60BF129F62489000CB017 /* ScaffoldTests.swift */; };
		63E60BFC29F62489000CB017 /* ScaffoldUITests.swift in Sources */ = {isa = PBXBuildFile; fileRef = 63E60BFB29F62489000CB017 /* ScaffoldUITests.swift */; };
		63E60BFE29F62489000CB017 /* ScaffoldUITestsLaunchTests.swift in Sources */ = {isa = PBXBuildFile; fileRef = 63E60BFD29F62489000CB017 /* ScaffoldUITestsLaunchTests.swift */; };
/* End PBXBuildFile section */

/* Begin PBXContainerItemProxy section */
		63E60BEE29F62489000CB017 /* PBXContainerItemProxy */ = {
			isa = PBXContainerItemProxy;
			containerPortal = 63E60BD529F62488000CB017 /* Project object */;
			proxyType = 1;
			remoteGlobalIDString = 63E60BDC29F62489000CB017;
			remoteInfo = Scaffold;
		};
		63E60BF829F62489000CB017 /* PBXContainerItemProxy */ = {
			isa = PBXContainerItemProxy;
			containerPortal = 63E60BD529F62488000CB017 /* Project object */;
			proxyType = 1;
			remoteGlobalIDString = 63E60BDC29F62489000CB017;
			remoteInfo = Scaffold;
		};
/* End PBXContainerItemProxy section */

/* Begin PBXFileReference section */
		63E60BDD29F62489000CB017 /* Scaffold.app */ = {isa = PBXFileReference; explicitFileType = wrapper.application; includeInIndex = 0; path = Scaffold.app; sourceTree = BUILT_PRODUCTS_DIR; };
		63E60BE029F62489000CB017 /* ScaffoldApp.swift */ = {isa = PBXFileReference; lastKnownFileType = sourcecode.swift; path = ScaffoldApp.swift; sourceTree = "<group>"; };
		63E60BE229F62489000CB017 /* ContentView.swift */ = {isa = PBXFileReference; lastKnownFileType = sourcecode.swift; path = ContentView.swift; sourceTree = "<group>"; };
		63E60BE429F62489000CB017 /* Assets.xcassets */ = {isa = PBXFileReference; lastKnownFileType = folder.assetcatalog; path = Assets.xcassets; sourceTree = "<group>"; };
		63E60BED29F62489000CB017 /* ScaffoldTests.xctest */ = {isa = PBXFileReference; explicitFileType = wrapper.cfbundle; includeInIndex = 0; path = ScaffoldTests.xctest; sourceTree = BUILT_PRODUCTS_DIR; };
		63E60BF129F62489000CB017 /* ScaffoldTests.swift */ = {isa = PBXFileReference; lastKnownFileType = sourcecode.swift; path = ScaffoldTests.swift; sourceTree = "<group>"; };
		63E60BF729F62489000CB017 /* ScaffoldUITests.xctest */ = {isa = PBXFileReference; explicitFileType = wrapper.cfbundle; includeInIndex = 0; path = ScaffoldUITests.xctest; sourceTree = BUILT_PRODUCTS_DIR; };
		63E60BFB29F62489000CB017 /* ScaffoldUITests.swift */ = {isa = PBXFileReference; lastKnownFileType = sourcecode.swift; path = ScaffoldUITests.swift; sourceTree = "<group>"; };
		63E60BFD29F62489000CB017 /* ScaffoldUITestsLaunchTests.swift */ = {isa = PBXFileReference; lastKnownFileType = sourcecode.swift; path = ScaffoldUITestsLaunchTests.swift; sourceTree = "<group>"; };
/* End PBXFileReference section */

/* Begin PBXFrameworksBuildPhase section */
		63E60BDA29F62489000CB017 /* Frameworks */ = {
			isa = PBXFrameworksBuildPhase;
			buildActionMask = 2147483647;
			files = (
			);
			runOnlyForDeploymentPostprocessing = 0;
		};
		63E60BEA29F62489000CB017 /* Frameworks */ = {
			isa = PBXFrameworksBuildPhase;
			buildActionMask = 2147483647;
			files = (
			);
			runOnlyForDeploymentPostprocessing = 0;
		};
		63E60BF429F62489000CB017 /* Frameworks */ = {
			isa = PBXFrameworksBuildPhase;
			buildActionMask = 2147483647;
			files = (
			);
			runOnlyForDeploymentPostprocessing = 0;
		};
/* End PBXFrameworksBuildPhase section */

/* Begin PBXGroup section */
		63E60BD429F62488000CB017 = {
			isa = PBXGroup;
			children = (
				63E60BDF29F62489000CB017 /* Scaffold */,
				63E60BF029F62489000CB017 /* ScaffoldTests */,
				63E60BFA29F62489000CB017 /* ScaffoldUITests */,
				63E60BDE29F62489000CB017 /* Products */,
			);
			sourceTree = "<group>";
		};
		63E60BDE29F62489000CB017 /* Products */ = {
			isa = PBXGroup;
			children = (
				63E60BDD29F62489000CB017 /* Scaffold.app */,
				63E60BED29F62489000CB017 /* ScaffoldTests.xctest */,
				63E60BF729F62489000CB017 /* ScaffoldUITests.xctest */,
			);
			name = Products;
			sourceTree = "<group>";
		};
		63E60BDF29F62489000CB017 /* Scaffold */ = {
			isa = PBXGroup;
			children = (
				63E60BE029F62489000CB017 /* ScaffoldApp.swift */,
				63E60BE229F62489000CB017 /* ContentView.swift */,
				63E60BE429F62489000CB017 /* Assets.xcassets */,
			);
			path = Scaffold;
			sourceTree = "<group>";
		};
		63E60BF029F62489000CB017 /* ScaffoldTests */ = {
			isa = PBXGroup;
			children = (
				63E60BF129F62489000CB017 /* ScaffoldTests.swift */,
			);
			path = ScaffoldTests;
			sourceTree = "<group>";
		};
		63E60BFA29F62489000CB017 /* ScaffoldUITests */ = {
			isa = PBXGroup;
			children = (
				63E60BFB29F62489000CB017 /* ScaffoldUITests.swift */,
				63E60BFD29F62489000CB017 /* ScaffoldUITestsLaunchTests.swift */,
			);
			path = ScaffoldUITests;
			sourceTree = "<group>";
		};
/* End PBXGroup section */

/* Begin PBXNativeTarget section */
		63E60BDC29F62489000CB017 /* Scaffold */ = {
			isa = PBXNativeTarget;
			buildConfigurationList = 63E60C0129F62489000CB017 /* Build configuration list for PBXNativeTarget "Scaffold" */;
			buildPhases = (
				63E60BD929F62489000CB017 /* Sources */,
				63E60BDA29F62489000CB017 /* Frameworks */,
				63E60BDB29F62489000CB017 /* Resources */,
			);
			buildRules = (
			);
			dependencies = (
			);
			name = Scaffold;
			productName = Scaffold;
			productReference = 63E60BDD29F62489000CB017 /* Scaffold.app */;
			productType = "com.apple.product-type.application";
		};
		63E60BEC29F62489000CB017 /* ScaffoldTests */ = {
			isa = PBXNativeTarget;
			buildConfigurationList = 63E60C0429F62489000CB017 /* Build configuration list for PBXNativeTarget "ScaffoldTests" */;
			buildPhases = (
				63E60BE929F62489000CB017 /* Sources */,
				63E60BEA29F62489000CB017 /* Frameworks */,
				63E60BEB29F62489000CB017 /* Resources */,
			);
			buildRules = (
			);
			dependencies = (
				63E60BEF29F62489000CB017 /* PBXTargetDependency */,
			);
			name = ScaffoldTests;
			productName = ScaffoldTests;
			productReference = 63E60BED29F62489000CB017 /* ScaffoldTests.xctest */;
			productType = "com.apple.product-type.bundle.unit-test";
		};
		63E60BF629F62489000CB017 /* ScaffoldUITests */ = {
			isa = PBXNativeTarget;
			buildConfigurationList = 63E60C0729F62489000CB017 /* Build configuration list for PBXNativeTarget "ScaffoldUITests" */;
			buildPhases = (
				63E60BF329F62489000CB017 /* Sources */,
				63E60BF429F62489000CB017 /* Frameworks */,
				63E60BF529F62489000CB017 /* Resources */,
			);
			buildRules = (
			);
			dependencies = (
				63E60BF929F62489000CB017 /* PBXTargetDependency */,
			);
			name = ScaffoldUITests;
			productName = ScaffoldUITests;
			productReference = 63E60BF729F62489000CB017 /* ScaffoldUITests.xctest */;
			productType = "com.apple.product-type.bundle.ui-testing";
		};
/* End PBXNativeTarget section */

/* Begin PBXProject section */
		63E60BD529F62488000CB017 /* Project object */ = {
			isa = PBXProject;
			attributes = {
				BuildIndependentTargetsInParallel = 1;
				LastSwiftUpdateCheck = 1420;
				LastUpgradeCheck = 1420;
				TargetAttributes = {
					63E60BDC29F62489000CB017 = {
						CreatedOnToolsVersion = 14.2;
					};
					63E60BEC29F62489000CB017 = {
						CreatedOnToolsVersion = 14.2;
						TestTargetID = 63E60BDC29F62489000CB017;
					};
					63E60BF629F62489000CB017 = {
						CreatedOnToolsVersion = 14.2;
						TestTargetID = 63E60BDC29F62489000CB017;
					};
				};
			};
			buildConfigurationList = 63E60BD829F62488000CB017 /* Build configuration list for PBXProject "Scaffold" */;
			compatibilityVersion = "Xcode 14.0";
			developmentRegion = en;
			hasScannedForEncodings = 0;
			knownRegions = (
				en,
				Base,
			);
			mainGroup = 63E60BD429F62488000CB017;
			productRefGroup = 63E60BDE29F62489000CB017 /* Products */;
			projectDirPath = "";
			projectRoot = "";
			targets = (
				63E60BDC29F62489000CB017 /* Scaffold */,
				63E60BEC29F62489000CB017 /* ScaffoldTests */,
				63E60BF629F62489000CB017 /* ScaffoldUITests */,
			);
		};
/* End PBXProject section */

/* Begin PBXResourcesBuildPhase section */
		63E60BDB29F62489000CB017 /* Resources */ = {
			isa = PBXResourcesBuildPhase;
			buildActionMask = 2147483647;
			files = (
				63E60BE529F62489000CB017 /* Assets.xcassets in Resources */,
			);
			runOnlyForDeploymentPostprocessing = 0;
		};
		63E60BEB29F62489000CB017 /* Resources */ = {
			isa = PBXResourcesBuildPhase;
			buildActionMask = 2147483647;
			files = (
			);
			runOnlyForDeploymentPostprocessing = 0;
		};
		63E60BF529F62489000CB017 /* Resources */ = {
			isa = PBXResourcesBuildPhase;
			buildActionMask = 2147483647;
			files = (
			);
			runOnlyForDeploymentPostprocessing = 0;
		};
/* End PBXResourcesBuildPhase section */

/* Begin PBXSourcesBuildPhase section */
		63E60BD929F62489000CB017 /* Sources */ = {
			isa = PBXSourcesBuildPhase;
			buildActionMask = 2147483647;
			files = (
				63E60BE329F62489000CB017 /* ContentView.swift in Sources */,
				63E60BE129F62489000CB017 /* ScaffoldApp.swift in Sources */,
			);
			runOnlyForDeploymentPostprocessing = 0;
		};
		63E60BE929F62489000CB017 /* Sources */ = {
			isa = PBXSourcesBuildPhase;
			buildActionMask = 2147483647;
			files = (
				63E60BF229F62489000CB017 /* ScaffoldTests.swift in Sources */,
			);
			runOnlyForDeploymentPostprocessing = 0;
		};
		63E60BF329F62489000CB017 /* Sources */ = {
			isa = PBXSourcesBuildPhase;
			buildActionMask = 2147483647;
			files = (
				63E60BFE29F62489000CB017 /* ScaffoldUITestsLaunchTests.swift in Sources */,
				63E60BFC29F62489000CB017 /* ScaffoldUITests.swift in Sources */,
			);
			runOnlyForDeploymentPostprocessing = 0;
		};
/* End PBXSourcesBuildPhase section */

/* Begin PBXTargetDependency section */
		63E60BEF29F62489000CB017 /* PBXTargetDependency */ = {
			isa = PBXTargetDependency;
			target = 63E60BDC29F62489000CB017 /* Scaffold */;
			targetProxy = 63E60BEE29F62489000CB017 /* PBXContainerItemProxy */;
		};
		63E60BF929F62489000CB017 /* PBXTargetDependency */ = {
			isa = PBXTargetDependency;
			target = 63E60BDC29F62489000CB017 /* Scaffold */;
			targetProxy = 63E60BF829F62489000CB017 /* PBXContainerItemProxy */;
		};
/* End PBXTargetDependency section */

/* Begin XCBuildConfiguration section */
		63E60BFF29F62489000CB017 /* Debug */ = {
			isa = XCBuildConfiguration;
			buildSettings = {
				ALWAYS_SEARCH_USER_PATHS = NO;
				CLANG_ANALYZER_NONNULL = YES;
				CLANG_ANALYZER_NUMBER_OBJECT_CONVERSION = YES_AGGRESSIVE;
				CLANG_CXX_LANGUAGE_STANDARD = "gnu++20";
				CLANG_ENABLE_MODULES = YES;
				CLANG_ENABLE_OBJC_ARC = YES;
				CLANG_ENABLE_OBJC_WEAK = YES;
				CLANG_WARN_BLOCK_CAPTURE_AUTORELEASING = YES;
				CLANG_WARN_BOOL_CONVERSION = YES;
				CLANG_WARN_COMMA = YES;
				CLANG_WARN_CONSTANT_CONVERSION = YES;
				CLANG_WARN_DEPRECATED_OBJC_IMPLEMENTATIONS = YES;
				CLANG_WARN_DIRECT_OBJC_ISA_USAGE = YES_ERROR;
				CLANG_WARN_DOCUMENTATION_COMMENTS = YES;
				CLANG_WARN_EMPTY_BODY = YES;
				CLANG_WARN_ENUM_CONVERSION = YES;
				CLANG_WARN_INFINITE_RECURSION = YES;
				CLANG_WARN_INT_CONVERSION = YES;
				CLANG_WARN_NON_LITERAL_NULL_CONVERSION = YES;
				CLANG_WARN_OBJC_IMPLICIT_RETAIN_SELF = YES;
				CLANG_WARN_OBJC_LITERAL_CONVERSION = YES;
				CLANG_WARN_OBJC_ROOT_CLASS = YES_ERROR;
				CLANG_WARN_QUOTED_INCLUDE_IN_FRAMEWORK_HEADER = YES;
				CLANG_WARN_RANGE_LOOP_ANALYSIS = YES;
				CLANG_WARN_STRICT_PROTOTYPES = YES;
				CLANG_WARN_SUSPICIOUS_MOVE = YES;
				CLANG_WARN_UNGUARDED_AVAILABILITY = YES_AGGRESSIVE;
				CLANG_WARN_UNREACHABLE_CODE = YES;
				CLANG_WARN__DUPLICATE_METHOD_MATCH = YES;
				COPY_PHASE_STRIP = NO;
				DEBUG_INFORMATION_FORMAT = dwarf;
				ENABLE_STRICT_OBJC_MSGSEND = YES;
				ENABLE_TESTABILITY = YES;
				GCC_C_LANGUAGE_STANDARD = gnu11;
				GCC_DYNAMIC_NO_PIC = NO;
				GCC_NO_COMMON_BLOCKS = YES;
				GCC_OPTIMIZATION_LEVEL = 0;
				GCC_PREPROCESSOR_DEFINITIONS = (
					"DEBUG=1",
					"$(inherited)",
				);
				GCC_WARN_64_TO_32_BIT_CONVERSION = YES;
				GCC_WARN_ABOUT_RETURN_TYPE = YES_ERROR;
				GCC_WARN_UNDECLARED_SELECTOR = YES;
				GCC_WARN_UNINITIALIZED_AUTOS = YES_AGGRESSIVE;
				GCC_WARN_UNUSED_FUNCTION = YES;
				GCC_WARN_UNUSED_VARIABLE = YES;
				IPHONEOS_DEPLOYMENT_TARGET = 16.0;
				MTL_ENABLE_DEBUG_INFO = INCLUDE_SOURCE;
				MTL_FAST_MATH = YES;
				ONLY_ACTIVE_ARCH = YES;
				SDKROOT = iphoneos;
				SWIFT_ACTIVE_COMPILATION_CONDITIONS = DEBUG;
				SWIFT_OPTIMIZATION_LEVEL = "-Onone";
			};
			name = Debug;
		};
		63E60C0029F62489000CB017 /* Release */ = {
			isa = XCBuildConfiguration;
			buildSettings = {
				ALWAYS_SEARCH_USER_PATHS = NO;
				CLANG_ANALYZER_NONNULL = YES;
				CLANG_ANALYZER_NUMBER_OBJECT_CONVERSION = YES_AGGRESSIVE;
				CLANG_CXX_LANGUAGE_STANDARD = "gnu++20";
				CLANG_ENABLE_MODULES = YES;
				CLANG_ENABLE_OBJC_ARC = YES;
				CLANG_ENABLE_OBJC_WEAK = YES;
				CLANG_WARN_BLOCK_CAPTURE_AUTORELEASING = YES;
				CLANG_WARN_BOOL_CONVERSION = YES;
				CLANG_WARN_COMMA = YES;
				CLANG_WARN_CONSTANT_CONVERSION = YES;
				CLANG_WARN_DEPRECATED_OBJC_IMPLEMENTATIONS = YES;
				CLANG_WARN_DIRECT_OBJC_ISA_USAGE = YES_ERROR;
				CLANG_WARN_DOCUMENTATION_COMMENTS = YES;
				CLANG_WARN_EMPTY_BODY = YES;
				CLANG_WARN_ENUM_CONVERSION = YES;
				CLANG_WARN_INFINITE_RECURSION = YES;
				CLANG_WARN_INT_CONVERSION = YES;
				CLANG_WARN_NON_LITERAL_NULL_CONVERSION = YES;
				CLANG_WARN_OBJC_IMPLICIT_RETAIN_SELF = YES;
				CLANG_WARN_OBJC_LITERAL_CONVERSION = YES;
				CLANG_WARN_OBJC_ROOT_CLASS = YES_ERROR;
				CLANG_WARN_QUOTED_INCLUDE_IN_FRAMEWORK_HEADER = YES;
				CLANG_WARN_RANGE_LOOP_ANALYSIS = YES;
				CLANG_WARN_STRICT_PROTOTYPES = YES;
				CLANG_WARN_SUSPICIOUS_MOVE = YES;
				CLANG_WARN_UNGUARDED_AVAILABILITY = YES_AGGRESSIVE;
				CLANG_WARN_UNREACHABLE_CODE = YES;
				CLANG_WARN__DUPLICATE_METHOD_MATCH = YES;
				COPY_PHASE_STRIP = NO;
				DEBUG_INFORMATION_FORMAT = "dwarf-with-dsym";
				ENABLE_NS_ASSERTIONS = NO;
				ENABLE_STRICT_OBJC_MSGSEND = YES;
				GCC_C_LANGUAGE_STANDARD = gnu11;
				GCC_NO_COMMON_BLOCKS = YES;
				GCC_WARN_64_TO_32_BIT_CONVERSION = YES;
				GCC_WARN_ABOUT_RETURN_TYPE = YES_ERROR;
				GCC_WARN_UNDECLARED_SELECTOR = YES;
				GCC_WARN_UNINITIALIZED_AUTOS = YES_AGGRESSIVE;
				GCC_WARN_UNUSED_FUNCTION = YES;
				GCC_WARN_UNUSED_VARIABLE = YES;
				IPHONEOS_DEPLOYMENT_TARGET = 16.0;
				MTL_ENABLE_DEBUG_INFO = NO;
				MTL_FAST_MATH = YES;
				SDKROOT = iphoneos;
				SWIFT_COMPILATION_MODE = wholemodule;
				SWIFT_OPTIMIZATION_LEVEL = "-O";
				VALIDATE_PRODUCT = YES;
			};
			name = Release;
		};
		63E60C0229F62489000CB017 /* Debug */ = {
			isa = XCBuildConfiguration;
			buildSettings = {
				ASSETCATALOG_COMPILER_APPICON_NAME = AppIcon;
				ASSETCATALOG_COMPILER_GLOBAL_ACCENT_COLOR_NAME = AccentColor;
				CODE_SIGN_STYLE = Automatic;
				CURRENT_PROJECT_VERSION = 1;
				DEVELOPMENT_ASSET_PATHS = "\"Scaffold/Preview Content\"";
				DEVELOPMENT_TEAM = A6K9P929M9;
				ENABLE_PREVIEWS = YES;
				GENERATE_INFOPLIST_FILE = YES;
				INFOPLIST_KEY_UIApplicationSceneManifest_Generation = YES;
				INFOPLIST_KEY_UIApplicationSupportsIndirectInputEvents = YES;
				INFOPLIST_KEY_UILaunchScreen_Generation = YES;
				INFOPLIST_KEY_UISupportedInterfaceOrientations = UIInterfaceOrientationPortrait;
				INFOPLIST_KEY_UISupportedInterfaceOrientations_iPad = "UIInterfaceOrientationLandscapeLeft UIInterfaceOrientationLandscapeRight UIInterfaceOrientationPortrait UIInterfaceOrientationPortraitUpsideDown";
				IPHONEOS_DEPLOYMENT_TARGET = 16.0;
				LD_RUNPATH_SEARCH_PATHS = (
					"$(inherited)",
					"@executable_path/Frameworks",
				);
				MARKETING_VERSION = 1.0;
				PRODUCT_BUNDLE_IDENTIFIER = com.piofusco.Scaffold;
				PRODUCT_NAME = "$(TARGET_NAME)";
				SUPPORTED_PLATFORMS = "iphoneos iphonesimulator";
				SUPPORTS_MACCATALYST = NO;
				SUPPORTS_MAC_DESIGNED_FOR_IPHONE_IPAD = NO;
				SWIFT_EMIT_LOC_STRINGS = YES;
				SWIFT_VERSION = 5.0;
				TARGETED_DEVICE_FAMILY = 1;
			};
			name = Debug;
		};
		63E60C0329F62489000CB017 /* Release */ = {
			isa = XCBuildConfiguration;
			buildSettings = {
				ASSETCATALOG_COMPILER_APPICON_NAME = AppIcon;
				ASSETCATALOG_COMPILER_GLOBAL_ACCENT_COLOR_NAME = AccentColor;
				CODE_SIGN_STYLE = Automatic;
				CURRENT_PROJECT_VERSION = 1;
				DEVELOPMENT_ASSET_PATHS = "\"Scaffold/Preview Content\"";
				DEVELOPMENT_TEAM = A6K9P929M9;
				ENABLE_PREVIEWS = YES;
				GENERATE_INFOPLIST_FILE = YES;
				INFOPLIST_KEY_UIApplicationSceneManifest_Generation = YES;
				INFOPLIST_KEY_UIApplicationSupportsIndirectInputEvents = YES;
				INFOPLIST_KEY_UILaunchScreen_Generation = YES;
				INFOPLIST_KEY_UISupportedInterfaceOrientations = UIInterfaceOrientationPortrait;
				INFOPLIST_KEY_UISupportedInterfaceOrientations_iPad = "UIInterfaceOrientationLandscapeLeft UIInterfaceOrientationLandscapeRight UIInterfaceOrientationPortrait UIInterfaceOrientationPortraitUpsideDown";
				IPHONEOS_DEPLOYMENT_TARGET = 16.0;
				LD_RUNPATH_SEARCH_PATHS = (
					"$(inherited)",
					"@executable_path/Frameworks",
				);
				MARKETING_VERSION = 1.0;
				PRODUCT_BUNDLE_IDENTIFIER = com.piofusco.Scaffold;
				PRODUCT_NAME = "$(TARGET_NAME)";
				SUPPORTED_PLATFORMS = "iphoneos iphonesimulator";
				SUPPORTS_MACCATALYST = NO;
				SUPPORTS_MAC_DESIGNED_FOR_IPHONE_IPAD = NO;
				SWIFT_EMIT_LOC_STRINGS = YES;
				SWIFT_VERSION = 5.0;
				TARGETED_DEVICE_FAMILY = 1;
			};
			name = Release;
		};
		63E60C0529F62489000CB017 /* Debug */ = {
			isa = XCBuildConfiguration;
			buildSettings = {
				ALWAYS_EMBED_SWIFT_STANDARD_LIBRARIES = YES;
				BUNDLE_LOADER = "$(TEST_HOST)";
				CODE_SIGN_STYLE = Automatic;
				CURRENT_PROJECT_VERSION = 1;
				DEVELOPMENT_TEAM = A6K9P929M9;
				GENERATE_INFOPLIST_FILE = YES;
				IPHONEOS_DEPLOYMENT_TARGET = 16.2;
				MARKETING_VERSION = 1.0;
				PRODUCT_BUNDLE_IDENTIFIER = com.piofusco.ScaffoldTests;
				PRODUCT_NAME = "$(TARGET_NAME)";
				SWIFT_EMIT_LOC_STRINGS = NO;
				SWIFT_VERSION = 5.0;
				TARGETED_DEVICE_FAMILY = "1,2";
				TEST_HOST = "$(BUILT_PRODUCTS_DIR)/Scaffold.app/$(BUNDLE_EXECUTABLE_FOLDER_PATH)/Scaffold";
			};
			name = Debug;
		};
		63E60C0629F62489000CB017 /* Release */ = {
			isa = XCBuildConfiguration;
			buildSettings = {
				ALWAYS_EMBED_SWIFT_STANDARD_LIBRARIES = YES;
				BUNDLE_LOADER = "$(TEST_HOST)";
				CODE_SIGN_STYLE = Automatic;
				CURRENT_PROJECT_VERSION = 1;
				DEVELOPMENT_TEAM = A6K9P929M9;
				GENERATE_INFOPLIST_FILE = YES;
				IPHONEOS_DEPLOYMENT_TARGET = 16.2;
				MARKETING_VERSION = 1.0;
				PRODUCT_BUNDLE_IDENTIFIER = com.piofusco.ScaffoldTests;
				PRODUCT_NAME = "$(TARGET_NAME)";
				SWIFT_EMIT_LOC_STRINGS = NO;
				SWIFT_VERSION = 5.0;
				TARGETED_DEVICE_FAMILY = "1,2";
				TEST_HOST = "$(BUILT_PRODUCTS_DIR)/Scaffold.app/$(BUNDLE_EXECUTABLE_FOLDER_PATH)/Scaffold";
			};
			name = Release;
		};
		63E60C0829F62489000CB017 /* Debug */ = {
			isa = XCBuildConfiguration;
			buildSettings = {
				ALWAYS_EMBED_SWIFT_STANDARD_LIBRARIES = YES;
				CODE_SIGN_STYLE = Automatic;
				CURRENT_PROJECT_VERSION = 1;
				DEVELOPMENT_TEAM = A6K9P929M9;
				GENERATE_INFOPLIST_FILE = YES;
				MARKETING_VERSION = 1.0;
				PRODUCT_BUNDLE_IDENTIFIER = com.piofusco.ScaffoldUITests;
				PRODUCT_NAME = "$(TARGET_NAME)";
				SWIFT_EMIT_LOC_STRINGS = NO;
				SWIFT_VERSION = 5.0;
				TARGETED_DEVICE_FAMILY = "1,2";
				TEST_TARGET_NAME = Scaffold;
			};
			name = Debug;
		};
		63E60C0929F62489000CB017 /* Release */ = {
			isa = XCBuildConfiguration;
			buildSettings = {
				ALWAYS_EMBED_SWIFT_STANDARD_LIBRARIES = YES;
				CODE_SIGN_STYLE = Automatic;
				CURRENT_PROJECT_VERSION = 1;
				DEVELOPMENT_TEAM = A6K9P929M9;
				GENERATE_INFOPLIST_FILE = YES;
				MARKETING_VERSION = 1.0;
				PRODUCT_BUNDLE_IDENTIFIER = com.piofusco.ScaffoldUITests;
				PRODUCT_NAME = "$(TARGET_NAME)";
				SWIFT_EMIT_LOC_STRINGS = NO;
				SWIFT_VERSION = 5.0;
				TARGETED_DEVICE_FAMILY = "1,2";
				TEST_TARGET_NAME = Scaffold;
			};
			name = Release;
		};
/* End XCBuildConfiguration section */

/* Begin XCConfigurationList section */
		63E60BD829F62488000CB017 /* Build configuration list for PBXProject "Scaffold" */ = {
			isa = XCConfigurationList;
			buildConfigurations = (
				63E60BFF29F62489000CB017 /* Debug */,
				63E60C0029F62489000CB017 /* Release */,
			);
			defaultConfigurationIsVisible = 0;
			defaultConfigurationName = Release;
		};
		63E60C0129F62489000CB017 /* Build configuration list for PBXNativeTarget "Scaffold" */ = {
			isa = XCConfigurationList;
			buildConfigurations = (
				63E60C0229F62489000CB017 /* Debug */,
				63E60C0329F62489000CB017 /* Release */,
			);
			defaultConfigurationIsVisible = 0;
			defaultConfigurationName = Release;
		};
		63E60C0429F62489000CB017 /* Build configuration list for PBXNativeTarget "ScaffoldTests" */ = {
			isa = XCConfigurationList;
			buildConfigurations = (
				63E60C0529F62489000CB017 /* Debug */,
				63E60C0629F62489000CB017 /* Release */,
			);
			defaultConfigurationIsVisible = 0;
			defaultConfigurationName = Release;
		};
		63E60C0729F62489000CB017 /* Build configuration list for PBXNativeTarget "ScaffoldUITests" */ = {
			isa = XCConfigurationList;
			buildConfigurations = (
				63E60C0829F62489000CB017 /* Debug */,
				63E60C0929F62489000CB017 /* Release */,
			);
			defaultConfigurationIsVisible = 0;
			defaultConfigurationName = Release;
		};
/* End XCConfigurationList section */
	};
	rootObject = 63E60BD529F62488000CB017 /* Project object */;
}
